dependencies:
- name: incloud-web-chart
  repository: oci://registry-1.docker.io/prorobotech
  version: 1.2.0-rc1
- name: incloud-web-resources
  repository: oci://registry-1.docker.io/prorobotech
  version: 1.2.0-rc1
digest: sha256:6f91a8cd0b4450131aed41fd346cee1bc8db6962a290e5ed67fc13bf712a69c9
generated: "2025-12-01T16:57:08.267914+03:00"
