dependencies:
- name: incloud-web-chart
  repository: oci://registry-1.docker.io/prorobotech
  version: 1.2.0-rc1-feature-cloud-157
- name: incloud-web-resources
  repository: oci://registry-1.docker.io/prorobotech
  version: 1.2.0-rc1
digest: sha256:b986874636eee0a5cffdf90c2415619affdb87f1c45a03971185a8aa06888332
generated: "2025-12-01T18:59:30.365628+03:00"
