dependencies:
- name: appSpec
  repository: file://charts/appSpec
  version: 0.1.1
- name: clickhouse
  repository: oci://registry-1.docker.io/bitnamicharts
  version: 9.3.11
digest: sha256:9a20f6bcd131b06c500754ba6196d6edc8fbf3d88acdef5011698fb7855c2aa9
generated: "2026-01-23T02:23:21.030051+05:00"
