dependencies:
- name: appspec
  repository: file://charts/appspec
  version: 0.1.1
- name: clickhouse
  repository: oci://registry-1.docker.io/bitnamicharts
  version: 9.3.11
digest: sha256:a8235584416b7765fd1cec87a8a0a178ff9a3c11a5a612eec71be7c7f6089405
generated: "2026-01-23T02:19:26.706696+05:00"
